// !$*UTF8*$!
{
	archiveVersion = 1;
	classes = {
	};
	objectVersion = 55;
	objects = {

/* Begin PBXBuildFile section */
		0893C4358438FFB0DE1E2C06 /* Pods_Messenger.framework in Frameworks */ = {isa = PBXBuildFile; fileRef = DFE3864A3D20B8229166DFDA /* Pods_Messenger.framework */; };
		BF40BEEF289D6FB10021FEE8 /* AppDelegate.swift in Sources */ = {isa = PBXBuildFile; fileRef = BF40BEEE289D6FB10021FEE8 /* AppDelegate.swift */; };
		BF40BEF1289D6FB10021FEE8 /* SceneDelegate.swift in Sources */ = {isa = PBXBuildFile; fileRef = BF40BEF0289D6FB10021FEE8 /* SceneDelegate.swift */; };
		BF40BEF3289D6FB10021FEE8 /* ConversationsViewController.swift in Sources */ = {isa = PBXBuildFile; fileRef = BF40BEF2289D6FB10021FEE8 /* ConversationsViewController.swift */; };
		BF40BEF6289D6FB10021FEE8 /* Main.storyboard in Resources */ = {isa = PBXBuildFile; fileRef = BF40BEF4289D6FB10021FEE8 /* Main.storyboard */; };
		BF40BEF8289D6FB30021FEE8 /* Assets.xcassets in Resources */ = {isa = PBXBuildFile; fileRef = BF40BEF7289D6FB30021FEE8 /* Assets.xcassets */; };
		BF40BEFB289D6FB30021FEE8 /* LaunchScreen.storyboard in Resources */ = {isa = PBXBuildFile; fileRef = BF40BEF9289D6FB30021FEE8 /* LaunchScreen.storyboard */; };
		BF40BF09289D729A0021FEE8 /* LoginViewController.swift in Sources */ = {isa = PBXBuildFile; fileRef = BF40BF08289D729A0021FEE8 /* LoginViewController.swift */; };
		BF40BF0B289D72A70021FEE8 /* RegisterViewController.swift in Sources */ = {isa = PBXBuildFile; fileRef = BF40BF0A289D72A70021FEE8 /* RegisterViewController.swift */; };
		BF40BF0D289D72C60021FEE8 /* PhotoViewerViewController.swift in Sources */ = {isa = PBXBuildFile; fileRef = BF40BF0C289D72C60021FEE8 /* PhotoViewerViewController.swift */; };
		BF40BF11289D72F00021FEE8 /* NewConversationViewController.swift in Sources */ = {isa = PBXBuildFile; fileRef = BF40BF10289D72F00021FEE8 /* NewConversationViewController.swift */; };
		BF40BF13289D73070021FEE8 /* ProfileViewController.swift in Sources */ = {isa = PBXBuildFile; fileRef = BF40BF12289D73070021FEE8 /* ProfileViewController.swift */; };
		BF40BF16289E57A20021FEE8 /* Extensions.swift in Sources */ = {isa = PBXBuildFile; fileRef = BF40BF15289E57A20021FEE8 /* Extensions.swift */; };
		BF40BF18289E75810021FEE8 /* GoogleService-Info.plist in Resources */ = {isa = PBXBuildFile; fileRef = BF40BF17289E75800021FEE8 /* GoogleService-Info.plist */; };
		BF40BF1A289FCE460021FEE8 /* DatabaseManager.swift in Sources */ = {isa = PBXBuildFile; fileRef = BF40BF19289FCE450021FEE8 /* DatabaseManager.swift */; };
		BF4EF1F028A17382008224E4 /* ChatViewController.swift in Sources */ = {isa = PBXBuildFile; fileRef = BF4EF1EF28A17382008224E4 /* ChatViewController.swift */; };
		BF4EF1F228A2E053008224E4 /* StorageManager.swift in Sources */ = {isa = PBXBuildFile; fileRef = BF4EF1F128A2E053008224E4 /* StorageManager.swift */; };
		BF73AE5528B3C487002176D2 /* ConversationsTableViewCell.swift in Sources */ = {isa = PBXBuildFile; fileRef = BF73AE5428B3C487002176D2 /* ConversationsTableViewCell.swift */; };
		BF73AE5728B535CE002176D2 /* NewConversationCell.swift in Sources */ = {isa = PBXBuildFile; fileRef = BF73AE5628B535CE002176D2 /* NewConversationCell.swift */; };
		BF73AE5928B77144002176D2 /* LocationPickerViewController.swift in Sources */ = {isa = PBXBuildFile; fileRef = BF73AE5828B77144002176D2 /* LocationPickerViewController.swift */; };
		BF73AE5C28B7B3FF002176D2 /* ConversationModels.swift in Sources */ = {isa = PBXBuildFile; fileRef = BF73AE5B28B7B3FF002176D2 /* ConversationModels.swift */; };
		BF73AE5E28B7B426002176D2 /* ChatModels.swift in Sources */ = {isa = PBXBuildFile; fileRef = BF73AE5D28B7B426002176D2 /* ChatModels.swift */; };
		BF73AE6028B7B45A002176D2 /* SearchResults.swift in Sources */ = {isa = PBXBuildFile; fileRef = BF73AE5F28B7B459002176D2 /* SearchResults.swift */; };
		BF73AE6228B7B494002176D2 /* ProfileModels.swift in Sources */ = {isa = PBXBuildFile; fileRef = BF73AE6128B7B494002176D2 /* ProfileModels.swift */; };
/* End PBXBuildFile section */

/* Begin PBXFileReference section */
		39A60BC62DB41D8244A5D825 /* Pods-Messenger.debug.xcconfig */ = {isa = PBXFileReference; includeInIndex = 1; lastKnownFileType = text.xcconfig; name = "Pods-Messenger.debug.xcconfig"; path = "Target Support Files/Pods-Messenger/Pods-Messenger.debug.xcconfig"; sourceTree = "<group>"; };
		9B1FDB2A2C53D9668D451921 /* Pods-Messenger.release.xcconfig */ = {isa = PBXFileReference; includeInIndex = 1; lastKnownFileType = text.xcconfig; name = "Pods-Messenger.release.xcconfig"; path = "Target Support Files/Pods-Messenger/Pods-Messenger.release.xcconfig"; sourceTree = "<group>"; };
		BF40BEEB289D6FB10021FEE8 /* Messenger.app */ = {isa = PBXFileReference; explicitFileType = wrapper.application; includeInIndex = 0; path = Messenger.app; sourceTree = BUILT_PRODUCTS_DIR; };
		BF40BEEE289D6FB10021FEE8 /* AppDelegate.swift */ = {isa = PBXFileReference; lastKnownFileType = sourcecode.swift; path = AppDelegate.swift; sourceTree = "<group>"; };
		BF40BEF0289D6FB10021FEE8 /* SceneDelegate.swift */ = {isa = PBXFileReference; lastKnownFileType = sourcecode.swift; path = SceneDelegate.swift; sourceTree = "<group>"; };
		BF40BEF2289D6FB10021FEE8 /* ConversationsViewController.swift */ = {isa = PBXFileReference; lastKnownFileType = sourcecode.swift; path = ConversationsViewController.swift; sourceTree = "<group>"; };
		BF40BEF5289D6FB10021FEE8 /* Base */ = {isa = PBXFileReference; lastKnownFileType = file.storyboard; name = Base; path = Base.lproj/Main.storyboard; sourceTree = "<group>"; };
		BF40BEF7289D6FB30021FEE8 /* Assets.xcassets */ = {isa = PBXFileReference; lastKnownFileType = folder.assetcatalog; path = Assets.xcassets; sourceTree = "<group>"; };
		BF40BEFA289D6FB30021FEE8 /* Base */ = {isa = PBXFileReference; lastKnownFileType = file.storyboard; name = Base; path = Base.lproj/LaunchScreen.storyboard; sourceTree = "<group>"; };
		BF40BEFC289D6FB30021FEE8 /* Info.plist */ = {isa = PBXFileReference; lastKnownFileType = text.plist.xml; path = Info.plist; sourceTree = "<group>"; };
		BF40BF08289D729A0021FEE8 /* LoginViewController.swift */ = {isa = PBXFileReference; lastKnownFileType = sourcecode.swift; path = LoginViewController.swift; sourceTree = "<group>"; };
		BF40BF0A289D72A70021FEE8 /* RegisterViewController.swift */ = {isa = PBXFileReference; lastKnownFileType = sourcecode.swift; path = RegisterViewController.swift; sourceTree = "<group>"; };
		BF40BF0C289D72C60021FEE8 /* PhotoViewerViewController.swift */ = {isa = PBXFileReference; lastKnownFileType = sourcecode.swift; path = PhotoViewerViewController.swift; sourceTree = "<group>"; };
		BF40BF10289D72F00021FEE8 /* NewConversationViewController.swift */ = {isa = PBXFileReference; lastKnownFileType = sourcecode.swift; path = NewConversationViewController.swift; sourceTree = "<group>"; };
		BF40BF12289D73070021FEE8 /* ProfileViewController.swift */ = {isa = PBXFileReference; lastKnownFileType = sourcecode.swift; path = ProfileViewController.swift; sourceTree = "<group>"; };
		BF40BF15289E57A20021FEE8 /* Extensions.swift */ = {isa = PBXFileReference; lastKnownFileType = sourcecode.swift; path = Extensions.swift; sourceTree = "<group>"; };
		BF40BF17289E75800021FEE8 /* GoogleService-Info.plist */ = {isa = PBXFileReference; fileEncoding = 4; lastKnownFileType = text.plist.xml; path = "GoogleService-Info.plist"; sourceTree = "<group>"; };
		BF40BF19289FCE450021FEE8 /* DatabaseManager.swift */ = {isa = PBXFileReference; lastKnownFileType = sourcecode.swift; path = DatabaseManager.swift; sourceTree = "<group>"; };
		BF40BF1B289FEF5A0021FEE8 /* Messenger.entitlements */ = {isa = PBXFileReference; lastKnownFileType = text.plist.entitlements; path = Messenger.entitlements; sourceTree = "<group>"; };
		BF4EF1EF28A17382008224E4 /* ChatViewController.swift */ = {isa = PBXFileReference; lastKnownFileType = sourcecode.swift; path = ChatViewController.swift; sourceTree = "<group>"; };
		BF4EF1F128A2E053008224E4 /* StorageManager.swift */ = {isa = PBXFileReference; lastKnownFileType = sourcecode.swift; path = StorageManager.swift; sourceTree = "<group>"; };
		BF73AE5428B3C487002176D2 /* ConversationsTableViewCell.swift */ = {isa = PBXFileReference; lastKnownFileType = sourcecode.swift; path = ConversationsTableViewCell.swift; sourceTree = "<group>"; };
		BF73AE5628B535CE002176D2 /* NewConversationCell.swift */ = {isa = PBXFileReference; lastKnownFileType = sourcecode.swift; path = NewConversationCell.swift; sourceTree = "<group>"; };
		BF73AE5828B77144002176D2 /* LocationPickerViewController.swift */ = {isa = PBXFileReference; lastKnownFileType = sourcecode.swift; path = LocationPickerViewController.swift; sourceTree = "<group>"; };
		BF73AE5B28B7B3FF002176D2 /* ConversationModels.swift */ = {isa = PBXFileReference; lastKnownFileType = sourcecode.swift; path = ConversationModels.swift; sourceTree = "<group>"; };
		BF73AE5D28B7B426002176D2 /* ChatModels.swift */ = {isa = PBXFileReference; lastKnownFileType = sourcecode.swift; path = ChatModels.swift; sourceTree = "<group>"; };
		BF73AE5F28B7B459002176D2 /* SearchResults.swift */ = {isa = PBXFileReference; lastKnownFileType = sourcecode.swift; path = SearchResults.swift; sourceTree = "<group>"; };
		BF73AE6128B7B494002176D2 /* ProfileModels.swift */ = {isa = PBXFileReference; lastKnownFileType = sourcecode.swift; path = ProfileModels.swift; sourceTree = "<group>"; };
		DFE3864A3D20B8229166DFDA /* Pods_Messenger.framework */ = {isa = PBXFileReference; explicitFileType = wrapper.framework; includeInIndex = 0; path = Pods_Messenger.framework; sourceTree = BUILT_PRODUCTS_DIR; };
/* End PBXFileReference section */

/* Begin PBXFrameworksBuildPhase section */
		BF40BEE8289D6FB10021FEE8 /* Frameworks */ = {
			isa = PBXFrameworksBuildPhase;
			buildActionMask = 2147483647;
			files = (
				0893C4358438FFB0DE1E2C06 /* Pods_Messenger.framework in Frameworks */,
			);
			runOnlyForDeploymentPostprocessing = 0;
		};
/* End PBXFrameworksBuildPhase section */

/* Begin PBXGroup section */
		9005F1979418B544E165685E /* Frameworks */ = {
			isa = PBXGroup;
			children = (
				DFE3864A3D20B8229166DFDA /* Pods_Messenger.framework */,
			);
			name = Frameworks;
			sourceTree = "<group>";
		};
		BF40BEE2289D6FB10021FEE8 = {
			isa = PBXGroup;
			children = (
				BF40BEED289D6FB10021FEE8 /* Messenger */,
				BF40BEEC289D6FB10021FEE8 /* Products */,
				D4332D9EF8452795FE232AE3 /* Pods */,
				9005F1979418B544E165685E /* Frameworks */,
			);
			sourceTree = "<group>";
		};
		BF40BEEC289D6FB10021FEE8 /* Products */ = {
			isa = PBXGroup;
			children = (
				BF40BEEB289D6FB10021FEE8 /* Messenger.app */,
			);
			name = Products;
			sourceTree = "<group>";
		};
		BF40BEED289D6FB10021FEE8 /* Messenger */ = {
			isa = PBXGroup;
			children = (
				BF40BF1B289FEF5A0021FEE8 /* Messenger.entitlements */,
				BF40BF17289E75800021FEE8 /* GoogleService-Info.plist */,
				BF40BF06289D71BD0021FEE8 /* Resources */,
				BF40BF05289D71B60021FEE8 /* ViewModels */,
				BF40BF04289D71B00021FEE8 /* Models */,
				BF40BF03289D719E0021FEE8 /* Views */,
				BF40BF02289D71960021FEE8 /* Controllers */,
				BF40BEFC289D6FB30021FEE8 /* Info.plist */,
			);
			path = Messenger;
			sourceTree = "<group>";
		};
		BF40BF02289D71960021FEE8 /* Controllers */ = {
			isa = PBXGroup;
			children = (
				BF73AE5828B77144002176D2 /* LocationPickerViewController.swift */,
				BF40BEF2289D6FB10021FEE8 /* ConversationsViewController.swift */,
				BF40BF14289E528B0021FEE8 /* Login */,
				BF40BF0C289D72C60021FEE8 /* PhotoViewerViewController.swift */,
				BF40BF10289D72F00021FEE8 /* NewConversationViewController.swift */,
				BF40BF12289D73070021FEE8 /* ProfileViewController.swift */,
				BF4EF1EF28A17382008224E4 /* ChatViewController.swift */,
			);
			path = Controllers;
			sourceTree = "<group>";
		};
		BF40BF03289D719E0021FEE8 /* Views */ = {
			isa = PBXGroup;
			children = (
				BF40BF07289D71D60021FEE8 /* Storyboards */,
				BF40BEF7289D6FB30021FEE8 /* Assets.xcassets */,
				BF73AE5428B3C487002176D2 /* ConversationsTableViewCell.swift */,
				BF73AE5628B535CE002176D2 /* NewConversationCell.swift */,
			);
			path = Views;
			sourceTree = "<group>";
		};
		BF40BF04289D71B00021FEE8 /* Models */ = {
			isa = PBXGroup;
			children = (
				BF73AE5B28B7B3FF002176D2 /* ConversationModels.swift */,
				BF73AE5D28B7B426002176D2 /* ChatModels.swift */,
				BF73AE5F28B7B459002176D2 /* SearchResults.swift */,
				BF73AE6128B7B494002176D2 /* ProfileModels.swift */,
			);
			path = Models;
			sourceTree = "<group>";
		};
		BF40BF05289D71B60021FEE8 /* ViewModels */ = {
			isa = PBXGroup;
			children = (
			);
			path = ViewModels;
			sourceTree = "<group>";
		};
		BF40BF06289D71BD0021FEE8 /* Resources */ = {
			isa = PBXGroup;
			children = (
				BF40BEEE289D6FB10021FEE8 /* AppDelegate.swift */,
				BF40BEF0289D6FB10021FEE8 /* SceneDelegate.swift */,
				BF40BF15289E57A20021FEE8 /* Extensions.swift */,
				BF40BF19289FCE450021FEE8 /* DatabaseManager.swift */,
				BF4EF1F128A2E053008224E4 /* StorageManager.swift */,
			);
			path = Resources;
			sourceTree = "<group>";
		};
		BF40BF07289D71D60021FEE8 /* Storyboards */ = {
			isa = PBXGroup;
			children = (
				BF40BEF4289D6FB10021FEE8 /* Main.storyboard */,
				BF40BEF9289D6FB30021FEE8 /* LaunchScreen.storyboard */,
			);
			path = Storyboards;
			sourceTree = "<group>";
		};
		BF40BF14289E528B0021FEE8 /* Login */ = {
			isa = PBXGroup;
			children = (
				BF40BF08289D729A0021FEE8 /* LoginViewController.swift */,
				BF40BF0A289D72A70021FEE8 /* RegisterViewController.swift */,
			);
			path = Login;
			sourceTree = "<group>";
		};
		D4332D9EF8452795FE232AE3 /* Pods */ = {
			isa = PBXGroup;
			children = (
				39A60BC62DB41D8244A5D825 /* Pods-Messenger.debug.xcconfig */,
				9B1FDB2A2C53D9668D451921 /* Pods-Messenger.release.xcconfig */,
			);
			path = Pods;
			sourceTree = "<group>";
		};
/* End PBXGroup section */

/* Begin PBXNativeTarget section */
		BF40BEEA289D6FB10021FEE8 /* Messenger */ = {
			isa = PBXNativeTarget;
			buildConfigurationList = BF40BEFF289D6FB30021FEE8 /* Build configuration list for PBXNativeTarget "Messenger" */;
			buildPhases = (
				D9707CC8C0960CA0BC5B07DC /* [CP] Check Pods Manifest.lock */,
				BF40BEE7289D6FB10021FEE8 /* Sources */,
				BF40BEE8289D6FB10021FEE8 /* Frameworks */,
				BF40BEE9289D6FB10021FEE8 /* Resources */,
				CDFD64EEF3797AEAB4F3B748 /* [CP] Embed Pods Frameworks */,
				BF73AE5A28B789C1002176D2 /* ShellScript */,
			);
			buildRules = (
			);
			dependencies = (
			);
			name = Messenger;
			productName = Messenger;
			productReference = BF40BEEB289D6FB10021FEE8 /* Messenger.app */;
			productType = "com.apple.product-type.application";
		};
/* End PBXNativeTarget section */

/* Begin PBXProject section */
		BF40BEE3289D6FB10021FEE8 /* Project object */ = {
			isa = PBXProject;
			attributes = {
				BuildIndependentTargetsInParallel = 1;
				LastSwiftUpdateCheck = 1340;
				LastUpgradeCheck = 1340;
				TargetAttributes = {
					BF40BEEA289D6FB10021FEE8 = {
						CreatedOnToolsVersion = 13.4.1;
					};
				};
			};
			buildConfigurationList = BF40BEE6289D6FB10021FEE8 /* Build configuration list for PBXProject "Messenger" */;
			compatibilityVersion = "Xcode 13.0";
			developmentRegion = en;
			hasScannedForEncodings = 0;
			knownRegions = (
				en,
				Base,
			);
			mainGroup = BF40BEE2289D6FB10021FEE8;
			productRefGroup = BF40BEEC289D6FB10021FEE8 /* Products */;
			projectDirPath = "";
			projectRoot = "";
			targets = (
				BF40BEEA289D6FB10021FEE8 /* Messenger */,
			);
		};
/* End PBXProject section */

/* Begin PBXResourcesBuildPhase section */
		BF40BEE9289D6FB10021FEE8 /* Resources */ = {
			isa = PBXResourcesBuildPhase;
			buildActionMask = 2147483647;
			files = (
				BF40BEFB289D6FB30021FEE8 /* LaunchScreen.storyboard in Resources */,
				BF40BF18289E75810021FEE8 /* GoogleService-Info.plist in Resources */,
				BF40BEF8289D6FB30021FEE8 /* Assets.xcassets in Resources */,
				BF40BEF6289D6FB10021FEE8 /* Main.storyboard in Resources */,
			);
			runOnlyForDeploymentPostprocessing = 0;
		};
/* End PBXResourcesBuildPhase section */

/* Begin PBXShellScriptBuildPhase section */
		BF73AE5A28B789C1002176D2 /* ShellScript */ = {
			isa = PBXShellScriptBuildPhase;
			buildActionMask = 8;
			files = (
			);
			inputFileListPaths = (
			);
			inputPaths = (
				"\"${PODS_ROOT}/FirebaseCrashlytics/upload-symbols\" -gsp \"${PROJECT_DIR}/Messenger/GoogleService-Info.plist\" -p ios \"${DWARF_DSYM_FOLDER_PATH}/${DWARF_DSYM_FILE_NAME}\"",
				"$(SRCROOT)/$(BUILT_PRODUCTS_DIR)/$(INFOPLIST_PATH)",
			);
			outputFileListPaths = (
			);
			outputPaths = (
			);
			runOnlyForDeploymentPostprocessing = 1;
			shellPath = /bin/sh;
			shellScript = "\"${BUILD_DIR%/Build/*}/SourcePackages/checkouts/firebase-ios-sdk/Crashlytics/run\"\n";
		};
		CDFD64EEF3797AEAB4F3B748 /* [CP] Embed Pods Frameworks */ = {
			isa = PBXShellScriptBuildPhase;
			buildActionMask = 2147483647;
			files = (
			);
			inputFileListPaths = (
				"${PODS_ROOT}/Target Support Files/Pods-Messenger/Pods-Messenger-frameworks-${CONFIGURATION}-input-files.xcfilelist",
			);
			name = "[CP] Embed Pods Frameworks";
			outputFileListPaths = (
				"${PODS_ROOT}/Target Support Files/Pods-Messenger/Pods-Messenger-frameworks-${CONFIGURATION}-output-files.xcfilelist",
			);
			runOnlyForDeploymentPostprocessing = 0;
			shellPath = /bin/sh;
			shellScript = "\"${PODS_ROOT}/Target Support Files/Pods-Messenger/Pods-Messenger-frameworks.sh\"\n";
			showEnvVarsInLog = 0;
		};
		D9707CC8C0960CA0BC5B07DC /* [CP] Check Pods Manifest.lock */ = {
			isa = PBXShellScriptBuildPhase;
			buildActionMask = 2147483647;
			files = (
			);
			inputFileListPaths = (
			);
			inputPaths = (
				"${PODS_PODFILE_DIR_PATH}/Podfile.lock",
				"${PODS_ROOT}/Manifest.lock",
			);
			name = "[CP] Check Pods Manifest.lock";
			outputFileListPaths = (
			);
			outputPaths = (
				"$(DERIVED_FILE_DIR)/Pods-Messenger-checkManifestLockResult.txt",
			);
			runOnlyForDeploymentPostprocessing = 0;
			shellPath = /bin/sh;
			shellScript = "diff \"${PODS_PODFILE_DIR_PATH}/Podfile.lock\" \"${PODS_ROOT}/Manifest.lock\" > /dev/null\nif [ $? != 0 ] ; then\n    # print error to STDERR\n    echo \"error: The sandbox is not in sync with the Podfile.lock. Run 'pod install' or update your CocoaPods installation.\" >&2\n    exit 1\nfi\n# This output is used by Xcode 'outputs' to avoid re-running this script phase.\necho \"SUCCESS\" > \"${SCRIPT_OUTPUT_FILE_0}\"\n";
			showEnvVarsInLog = 0;
		};
/* End PBXShellScriptBuildPhase section */

/* Begin PBXSourcesBuildPhase section */
		BF40BEE7289D6FB10021FEE8 /* Sources */ = {
			isa = PBXSourcesBuildPhase;
			buildActionMask = 2147483647;
			files = (
				BF40BF09289D729A0021FEE8 /* LoginViewController.swift in Sources */,
				BF73AE5728B535CE002176D2 /* NewConversationCell.swift in Sources */,
				BF40BF1A289FCE460021FEE8 /* DatabaseManager.swift in Sources */,
				BF73AE5E28B7B426002176D2 /* ChatModels.swift in Sources */,
				BF40BF0B289D72A70021FEE8 /* RegisterViewController.swift in Sources */,
				BF40BF11289D72F00021FEE8 /* NewConversationViewController.swift in Sources */,
				BF73AE5528B3C487002176D2 /* ConversationsTableViewCell.swift in Sources */,
				BF40BEF3289D6FB10021FEE8 /* ConversationsViewController.swift in Sources */,
				BF40BF16289E57A20021FEE8 /* Extensions.swift in Sources */,
				BF40BEEF289D6FB10021FEE8 /* AppDelegate.swift in Sources */,
				BF40BF13289D73070021FEE8 /* ProfileViewController.swift in Sources */,
				BF73AE6028B7B45A002176D2 /* SearchResults.swift in Sources */,
				BF73AE6228B7B494002176D2 /* ProfileModels.swift in Sources */,
				BF40BEF1289D6FB10021FEE8 /* SceneDelegate.swift in Sources */,
				BF4EF1F028A17382008224E4 /* ChatViewController.swift in Sources */,
				BF73AE5C28B7B3FF002176D2 /* ConversationModels.swift in Sources */,
				BF40BF0D289D72C60021FEE8 /* PhotoViewerViewController.swift in Sources */,
				BF4EF1F228A2E053008224E4 /* StorageManager.swift in Sources */,
				BF73AE5928B77144002176D2 /* LocationPickerViewController.swift in Sources */,
			);
			runOnlyForDeploymentPostprocessing = 0;
		};
/* End PBXSourcesBuildPhase section */

/* Begin PBXVariantGroup section */
		BF40BEF4289D6FB10021FEE8 /* Main.storyboard */ = {
			isa = PBXVariantGroup;
			children = (
				BF40BEF5289D6FB10021FEE8 /* Base */,
			);
			name = Main.storyboard;
			sourceTree = "<group>";
		};
		BF40BEF9289D6FB30021FEE8 /* LaunchScreen.storyboard */ = {
			isa = PBXVariantGroup;
			children = (
				BF40BEFA289D6FB30021FEE8 /* Base */,
			);
			name = LaunchScreen.storyboard;
			sourceTree = "<group>";
		};
/* End PBXVariantGroup section */

/* Begin XCBuildConfiguration section */
		BF40BEFD289D6FB30021FEE8 /* Debug */ = {
			isa = XCBuildConfiguration;
			buildSettings = {
				ALWAYS_SEARCH_USER_PATHS = NO;
				CLANG_ANALYZER_NONNULL = YES;
				CLANG_ANALYZER_NUMBER_OBJECT_CONVERSION = YES_AGGRESSIVE;
				CLANG_CXX_LANGUAGE_STANDARD = "gnu++17";
				CLANG_ENABLE_MODULES = YES;
				CLANG_ENABLE_OBJC_ARC = YES;
				CLANG_ENABLE_OBJC_WEAK = YES;
				CLANG_WARN_BLOCK_CAPTURE_AUTORELEASING = YES;
				CLANG_WARN_BOOL_CONVERSION = YES;
				CLANG_WARN_COMMA = YES;
				CLANG_WARN_CONSTANT_CONVERSION = YES;
				CLANG_WARN_DEPRECATED_OBJC_IMPLEMENTATIONS = YES;
				CLANG_WARN_DIRECT_OBJC_ISA_USAGE = YES_ERROR;
				CLANG_WARN_DOCUMENTATION_COMMENTS = YES;
				CLANG_WARN_EMPTY_BODY = YES;
				CLANG_WARN_ENUM_CONVERSION = YES;
				CLANG_WARN_INFINITE_RECURSION = YES;
				CLANG_WARN_INT_CONVERSION = YES;
				CLANG_WARN_NON_LITERAL_NULL_CONVERSION = YES;
				CLANG_WARN_OBJC_IMPLICIT_RETAIN_SELF = YES;
				CLANG_WARN_OBJC_LITERAL_CONVERSION = YES;
				CLANG_WARN_OBJC_ROOT_CLASS = YES_ERROR;
				CLANG_WARN_QUOTED_INCLUDE_IN_FRAMEWORK_HEADER = YES;
				CLANG_WARN_RANGE_LOOP_ANALYSIS = YES;
				CLANG_WARN_STRICT_PROTOTYPES = YES;
				CLANG_WARN_SUSPICIOUS_MOVE = YES;
				CLANG_WARN_UNGUARDED_AVAILABILITY = YES_AGGRESSIVE;
				CLANG_WARN_UNREACHABLE_CODE = YES;
				CLANG_WARN__DUPLICATE_METHOD_MATCH = YES;
				COPY_PHASE_STRIP = NO;
				DEBUG_INFORMATION_FORMAT = "dwarf-with-dsym";
				ENABLE_STRICT_OBJC_MSGSEND = YES;
				ENABLE_TESTABILITY = YES;
				GCC_C_LANGUAGE_STANDARD = gnu11;
				GCC_DYNAMIC_NO_PIC = NO;
				GCC_NO_COMMON_BLOCKS = YES;
				GCC_OPTIMIZATION_LEVEL = 1;
				GCC_PREPROCESSOR_DEFINITIONS = (
					"DEBUG=1",
					"$(inherited)",
				);
				GCC_WARN_64_TO_32_BIT_CONVERSION = YES;
				GCC_WARN_ABOUT_RETURN_TYPE = YES_ERROR;
				GCC_WARN_UNDECLARED_SELECTOR = YES;
				GCC_WARN_UNINITIALIZED_AUTOS = YES_AGGRESSIVE;
				GCC_WARN_UNUSED_FUNCTION = YES;
				GCC_WARN_UNUSED_VARIABLE = YES;
				IPHONEOS_DEPLOYMENT_TARGET = 15.5;
				MTL_ENABLE_DEBUG_INFO = INCLUDE_SOURCE;
				MTL_FAST_MATH = YES;
				ONLY_ACTIVE_ARCH = YES;
				SDKROOT = iphoneos;
				SWIFT_ACTIVE_COMPILATION_CONDITIONS = DEBUG;
				SWIFT_OPTIMIZATION_LEVEL = "-Onone";
			};
			name = Debug;
		};
		BF40BEFE289D6FB30021FEE8 /* Release */ = {
			isa = XCBuildConfiguration;
			buildSettings = {
				ALWAYS_SEARCH_USER_PATHS = NO;
				CLANG_ANALYZER_NONNULL = YES;
				CLANG_ANALYZER_NUMBER_OBJECT_CONVERSION = YES_AGGRESSIVE;
				CLANG_CXX_LANGUAGE_STANDARD = "gnu++17";
				CLANG_ENABLE_MODULES = YES;
				CLANG_ENABLE_OBJC_ARC = YES;
				CLANG_ENABLE_OBJC_WEAK = YES;
				CLANG_WARN_BLOCK_CAPTURE_AUTORELEASING = YES;
				CLANG_WARN_BOOL_CONVERSION = YES;
				CLANG_WARN_COMMA = YES;
				CLANG_WARN_CONSTANT_CONVERSION = YES;
				CLANG_WARN_DEPRECATED_OBJC_IMPLEMENTATIONS = YES;
				CLANG_WARN_DIRECT_OBJC_ISA_USAGE = YES_ERROR;
				CLANG_WARN_DOCUMENTATION_COMMENTS = YES;
				CLANG_WARN_EMPTY_BODY = YES;
				CLANG_WARN_ENUM_CONVERSION = YES;
				CLANG_WARN_INFINITE_RECURSION = YES;
				CLANG_WARN_INT_CONVERSION = YES;
				CLANG_WARN_NON_LITERAL_NULL_CONVERSION = YES;
				CLANG_WARN_OBJC_IMPLICIT_RETAIN_SELF = YES;
				CLANG_WARN_OBJC_LITERAL_CONVERSION = YES;
				CLANG_WARN_OBJC_ROOT_CLASS = YES_ERROR;
				CLANG_WARN_QUOTED_INCLUDE_IN_FRAMEWORK_HEADER = YES;
				CLANG_WARN_RANGE_LOOP_ANALYSIS = YES;
				CLANG_WARN_STRICT_PROTOTYPES = YES;
				CLANG_WARN_SUSPICIOUS_MOVE = YES;
				CLANG_WARN_UNGUARDED_AVAILABILITY = YES_AGGRESSIVE;
				CLANG_WARN_UNREACHABLE_CODE = YES;
				CLANG_WARN__DUPLICATE_METHOD_MATCH = YES;
				COPY_PHASE_STRIP = NO;
				DEBUG_INFORMATION_FORMAT = "dwarf-with-dsym";
				ENABLE_NS_ASSERTIONS = NO;
				ENABLE_STRICT_OBJC_MSGSEND = YES;
				GCC_C_LANGUAGE_STANDARD = gnu11;
				GCC_NO_COMMON_BLOCKS = YES;
				GCC_OPTIMIZATION_LEVEL = s;
				GCC_WARN_64_TO_32_BIT_CONVERSION = YES;
				GCC_WARN_ABOUT_RETURN_TYPE = YES_ERROR;
				GCC_WARN_UNDECLARED_SELECTOR = YES;
				GCC_WARN_UNINITIALIZED_AUTOS = YES_AGGRESSIVE;
				GCC_WARN_UNUSED_FUNCTION = YES;
				GCC_WARN_UNUSED_VARIABLE = YES;
				IPHONEOS_DEPLOYMENT_TARGET = 15.5;
				MTL_ENABLE_DEBUG_INFO = NO;
				MTL_FAST_MATH = YES;
				ONLY_ACTIVE_ARCH = YES;
				SDKROOT = iphoneos;
				SWIFT_COMPILATION_MODE = wholemodule;
				SWIFT_OPTIMIZATION_LEVEL = "-O";
				VALIDATE_PRODUCT = YES;
			};
			name = Release;
		};
		BF40BF00289D6FB30021FEE8 /* Debug */ = {
			isa = XCBuildConfiguration;
			baseConfigurationReference = 39A60BC62DB41D8244A5D825 /* Pods-Messenger.debug.xcconfig */;
			buildSettings = {
				ASSETCATALOG_COMPILER_APPICON_NAME = AppIcon;
				ASSETCATALOG_COMPILER_GLOBAL_ACCENT_COLOR_NAME = AccentColor;
				CODE_SIGN_ENTITLEMENTS = Messenger/Messenger.entitlements;
				CODE_SIGN_STYLE = Automatic;
				CURRENT_PROJECT_VERSION = 1;
				DEVELOPMENT_TEAM = 7MH43HF5XD;
				GENERATE_INFOPLIST_FILE = YES;
				INFOPLIST_FILE = Messenger/Info.plist;
				INFOPLIST_KEY_NSCameraUsageDescription = "Please allow access to take a profile picture";
				INFOPLIST_KEY_NSMicrophoneUsageDescription = "Please allow acces to send audio and video messages.";
				INFOPLIST_KEY_NSPhotoLibraryUsageDescription = "Please allow access to select a photo for your profile";
				INFOPLIST_KEY_UIApplicationSupportsIndirectInputEvents = YES;
				INFOPLIST_KEY_UILaunchStoryboardName = LaunchScreen;
				INFOPLIST_KEY_UIMainStoryboardFile = Main;
				INFOPLIST_KEY_UISupportedInterfaceOrientations = UIInterfaceOrientationPortrait;
				INFOPLIST_KEY_UISupportedInterfaceOrientations_iPad = "UIInterfaceOrientationPortrait UIInterfaceOrientationPortraitUpsideDown";
				INFOPLIST_KEY_UISupportedInterfaceOrientations_iPhone = "UIInterfaceOrientationPortrait UIInterfaceOrientationLandscapeLeft UIInterfaceOrientationLandscapeRight";
				IPHONEOS_DEPLOYMENT_TARGET = 15.5;
				LD_RUNPATH_SEARCH_PATHS = (
					"$(inherited)",
					"@executable_path/Frameworks",
				);
				MARKETING_VERSION = 1.0;
				PRODUCT_BUNDLE_IDENTIFIER = MykhailoNovosad.Messenger;
				PRODUCT_NAME = "$(TARGET_NAME)";
				SWIFT_EMIT_LOC_STRINGS = YES;
				SWIFT_VERSION = 5.0;
				TARGETED_DEVICE_FAMILY = "1,2";
			};
			name = Debug;
		};
		BF40BF01289D6FB30021FEE8 /* Release */ = {
			isa = XCBuildConfiguration;
			baseConfigurationReference = 9B1FDB2A2C53D9668D451921 /* Pods-Messenger.release.xcconfig */;
			buildSettings = {
				ASSETCATALOG_COMPILER_APPICON_NAME = AppIcon;
				ASSETCATALOG_COMPILER_GLOBAL_ACCENT_COLOR_NAME = AccentColor;
				CODE_SIGN_ENTITLEMENTS = Messenger/Messenger.entitlements;
				CODE_SIGN_STYLE = Automatic;
				CURRENT_PROJECT_VERSION = 1;
				DEVELOPMENT_TEAM = 7MH43HF5XD;
				GENERATE_INFOPLIST_FILE = YES;
				INFOPLIST_FILE = Messenger/Info.plist;
				INFOPLIST_KEY_NSCameraUsageDescription = "Please allow access to take a profile picture";
				INFOPLIST_KEY_NSMicrophoneUsageDescription = "Please allow acces to send audio and video messages.";
				INFOPLIST_KEY_NSPhotoLibraryUsageDescription = "Please allow access to select a photo for your profile";
				INFOPLIST_KEY_UIApplicationSupportsIndirectInputEvents = YES;
				INFOPLIST_KEY_UILaunchStoryboardName = LaunchScreen;
				INFOPLIST_KEY_UIMainStoryboardFile = Main;
				INFOPLIST_KEY_UISupportedInterfaceOrientations = UIInterfaceOrientationPortrait;
				INFOPLIST_KEY_UISupportedInterfaceOrientations_iPad = "UIInterfaceOrientationPortrait UIInterfaceOrientationPortraitUpsideDown";
				INFOPLIST_KEY_UISupportedInterfaceOrientations_iPhone = "UIInterfaceOrientationPortrait UIInterfaceOrientationLandscapeLeft UIInterfaceOrientationLandscapeRight";
				IPHONEOS_DEPLOYMENT_TARGET = 15.5;
				LD_RUNPATH_SEARCH_PATHS = (
					"$(inherited)",
					"@executable_path/Frameworks",
				);
				MARKETING_VERSION = 1.0;
				PRODUCT_BUNDLE_IDENTIFIER = MykhailoNovosad.Messenger;
				PRODUCT_NAME = "$(TARGET_NAME)";
				SWIFT_EMIT_LOC_STRINGS = YES;
				SWIFT_VERSION = 5.0;
				TARGETED_DEVICE_FAMILY = "1,2";
			};
			name = Release;
		};
/* End XCBuildConfiguration section */

/* Begin XCConfigurationList section */
		BF40BEE6289D6FB10021FEE8 /* Build configuration list for PBXProject "Messenger" */ = {
			isa = XCConfigurationList;
			buildConfigurations = (
				BF40BEFD289D6FB30021FEE8 /* Debug */,
				BF40BEFE289D6FB30021FEE8 /* Release */,
			);
			defaultConfigurationIsVisible = 0;
			defaultConfigurationName = Release;
		};
		BF40BEFF289D6FB30021FEE8 /* Build configuration list for PBXNativeTarget "Messenger" */ = {
			isa = XCConfigurationList;
			buildConfigurations = (
				BF40BF00289D6FB30021FEE8 /* Debug */,
				BF40BF01289D6FB30021FEE8 /* Release */,
			);
			defaultConfigurationIsVisible = 0;
			defaultConfigurationName = Release;
		};
/* End XCConfigurationList section */
	};
	rootObject = BF40BEE3289D6FB10021FEE8 /* Project object */;
}
